
Microsoft Visual Studio Solution File, Format Version 12.00
# Visual Studio Version 17
VisualStudioVersion = 17.7.34024.191
MinimumVisualStudioVersion = 10.0.40219.1
Project("{FAE04EC0-301F-11D3-BF4B-00C04F79EFBC}") = "BE_GestorClientes", "BE_GestorClientes\BE_GestorClientes.csproj", "{F1644A02-3E6D-4AAF-8A8F-13075F50B3FB}"
EndProject
Global
	GlobalSection(SolutionConfigurationPlatforms) = preSolution
		Debug|Any CPU = Debug|Any CPU
		Release|Any CPU = Release|Any CPU
	EndGlobalSection
	GlobalSection(ProjectConfigurationPlatforms) = postSolution
		{F1644A02-3E6D-4AAF-8A8F-13075F50B3FB}.Debug|Any CPU.ActiveCfg = Debug|Any CPU
		{F1644A02-3E6D-4AAF-8A8F-13075F50B3FB}.Debug|Any CPU.Build.0 = Debug|Any CPU
		{F1644A02-3E6D-4AAF-8A8F-13075F50B3FB}.Release|Any CPU.ActiveCfg = Release|Any CPU
		{F1644A02-3E6D-4AAF-8A8F-13075F50B3FB}.Release|Any CPU.Build.0 = Release|Any CPU
	EndGlobalSection
	GlobalSection(SolutionProperties) = preSolution
		HideSolutionNode = FALSE
	EndGlobalSection
	GlobalSection(ExtensibilityGlobals) = postSolution
		SolutionGuid = {0389B4CB-C194-466B-BFE0-70E2F3C1E750}
	EndGlobalSection
EndGlobal
